
Microsoft Visual Studio Solution File, Format Version 12.00
# Visual Studio 14
VisualStudioVersion = 14.0.25420.1
MinimumVisualStudioVersion = 10.0.40219.1
Project("{FAE04EC0-301F-11D3-BF4B-00C04F79EFBC}") = "BlogPessoal.web", "BlogPessoal.web\BlogPessoal.web.csproj", "{2E070904-5B0B-42DE-8444-9D82DF8CAC99}"
EndProject
Project("{FAE04EC0-301F-11D3-BF4B-00C04F79EFBC}") = "BlogPessoal.Tests", "BlogPessoal.Tests\BlogPessoal.Tests.csproj", "{27132EBA-C8AA-40FC-BBFA-BAA4F6ADCEAB}"
EndProject
Global
	GlobalSection(SolutionConfigurationPlatforms) = preSolution
		Debug|Any CPU = Debug|Any CPU
		Release|Any CPU = Release|Any CPU
	EndGlobalSection
	GlobalSection(ProjectConfigurationPlatforms) = postSolution
		{2E070904-5B0B-42DE-8444-9D82DF8CAC99}.Debug|Any CPU.ActiveCfg = Debug|Any CPU
		{2E070904-5B0B-42DE-8444-9D82DF8CAC99}.Debug|Any CPU.Build.0 = Debug|Any CPU
		{2E070904-5B0B-42DE-8444-9D82DF8CAC99}.Release|Any CPU.ActiveCfg = Release|Any CPU
		{2E070904-5B0B-42DE-8444-9D82DF8CAC99}.Release|Any CPU.Build.0 = Release|Any CPU
		{27132EBA-C8AA-40FC-BBFA-BAA4F6ADCEAB}.Debug|Any CPU.ActiveCfg = Debug|Any CPU
		{27132EBA-C8AA-40FC-BBFA-BAA4F6ADCEAB}.Debug|Any CPU.Build.0 = Debug|Any CPU
		{27132EBA-C8AA-40FC-BBFA-BAA4F6ADCEAB}.Release|Any CPU.ActiveCfg = Release|Any CPU
		{27132EBA-C8AA-40FC-BBFA-BAA4F6ADCEAB}.Release|Any CPU.Build.0 = Release|Any CPU
	EndGlobalSection
	GlobalSection(SolutionProperties) = preSolution
		HideSolutionNode = FALSE
	EndGlobalSection
EndGlobal
